{
  "name": "cmeans",
  "version": "1.0.0",
  "lockfileVersion": 1,
  "requires": true,
  "dependencies": {
    "@types/euclidean-distance": {
      "version": "1.0.0",
      "resolved": "https://registry.npmjs.org/@types/euclidean-distance/-/euclidean-distance-1.0.0.tgz",
      "integrity": "sha512-S+trXtm4/FvWyBK2EB6TifQNmafNlHx6l666n4XY9Riq5Oz1pm+tCjoxQkgQZcJIJdawhregZChu5lmiUgBqpw==",
      "dev": true
    },
    "euclidean-distance": {
      "version": "1.0.0",
      "resolved": "https://registry.npmjs.org/euclidean-distance/-/euclidean-distance-1.0.0.tgz",
      "integrity": "sha1-cDvCE+l8HXMdebWZ6TeUG6lnCmg="
    }
  }
}
